
Microsoft Visual Studio Solution File, Format Version 12.00
# Visual Studio Version 16
VisualStudioVersion = 16.0.31129.286
MinimumVisualStudioVersion = 10.0.40219.1
Project("{FAE04EC0-301F-11D3-BF4B-00C04F79EFBC}") = "Bank.Consume", "Bank.Consume\Bank.Consume.csproj", "{0FDEA0BC-5AE8-49FF-967E-AE6DED05FB83}"
EndProject
Project("{FAE04EC0-301F-11D3-BF4B-00C04F79EFBC}") = "Bank.Lib", "Bank.Lib\Bank.Lib.csproj", "{9BE710CC-ECC4-403F-AB45-9D6B3B005B0F}"
EndProject
Project("{FAE04EC0-301F-11D3-BF4B-00C04F79EFBC}") = "Bank.Tests", "Bank.Tests\Bank.Tests.csproj", "{F36001D4-3685-4786-A9C0-4BD02D64745D}"
EndProject
Global
	GlobalSection(SolutionConfigurationPlatforms) = preSolution
		Debug|Any CPU = Debug|Any CPU
		Release|Any CPU = Release|Any CPU
	EndGlobalSection
	GlobalSection(ProjectConfigurationPlatforms) = postSolution
		{0FDEA0BC-5AE8-49FF-967E-AE6DED05FB83}.Debug|Any CPU.ActiveCfg = Debug|Any CPU
		{0FDEA0BC-5AE8-49FF-967E-AE6DED05FB83}.Debug|Any CPU.Build.0 = Debug|Any CPU
		{0FDEA0BC-5AE8-49FF-967E-AE6DED05FB83}.Release|Any CPU.ActiveCfg = Release|Any CPU
		{0FDEA0BC-5AE8-49FF-967E-AE6DED05FB83}.Release|Any CPU.Build.0 = Release|Any CPU
		{9BE710CC-ECC4-403F-AB45-9D6B3B005B0F}.Debug|Any CPU.ActiveCfg = Debug|Any CPU
		{9BE710CC-ECC4-403F-AB45-9D6B3B005B0F}.Debug|Any CPU.Build.0 = Debug|Any CPU
		{9BE710CC-ECC4-403F-AB45-9D6B3B005B0F}.Release|Any CPU.ActiveCfg = Release|Any CPU
		{9BE710CC-ECC4-403F-AB45-9D6B3B005B0F}.Release|Any CPU.Build.0 = Release|Any CPU
		{F36001D4-3685-4786-A9C0-4BD02D64745D}.Debug|Any CPU.ActiveCfg = Debug|Any CPU
		{F36001D4-3685-4786-A9C0-4BD02D64745D}.Debug|Any CPU.Build.0 = Debug|Any CPU
		{F36001D4-3685-4786-A9C0-4BD02D64745D}.Release|Any CPU.ActiveCfg = Release|Any CPU
		{F36001D4-3685-4786-A9C0-4BD02D64745D}.Release|Any CPU.Build.0 = Release|Any CPU
	EndGlobalSection
	GlobalSection(SolutionProperties) = preSolution
		HideSolutionNode = FALSE
	EndGlobalSection
	GlobalSection(ExtensibilityGlobals) = postSolution
		SolutionGuid = {CD4EE019-60AB-4268-B0D7-28237AAF718A}
	EndGlobalSection
EndGlobal
